// !$*UTF8*$!
{
	archiveVersion = 1;
	classes = {
	};
	objectVersion = 46;
	objects = {

/* Begin PBXBuildFile section */
		6C27B57F161B9158002D1EF9 /* Cocoa.framework in Frameworks */ = {isa = PBXBuildFile; fileRef = 6C27B57E161B9158002D1EF9 /* Cocoa.framework */; };
		6C27B589161B9158002D1EF9 /* InfoPlist.strings in Resources */ = {isa = PBXBuildFile; fileRef = 6C27B587161B9158002D1EF9 /* InfoPlist.strings */; };
		6C27B5A3161B91CD002D1EF9 /* ERFadingAnimation.h in Headers */ = {isa = PBXBuildFile; fileRef = 6C27B598161B91CD002D1EF9 /* ERFadingAnimation.h */; settings = {ATTRIBUTES = (Public, ); }; };
		6C27B5A4161B91CD002D1EF9 /* ERFadingAnimation.m in Sources */ = {isa = PBXBuildFile; fileRef = 6C27B599161B91CD002D1EF9 /* ERFadingAnimation.m */; };
		6C27B5A5161B91CD002D1EF9 /* ERMenu.h in Headers */ = {isa = PBXBuildFile; fileRef = 6C27B59B161B91CD002D1EF9 /* ERMenu.h */; settings = {ATTRIBUTES = (Public, ); }; };
		6C27B5A6161B91CD002D1EF9 /* ERMenu.m in Sources */ = {isa = PBXBuildFile; fileRef = 6C27B59C161B91CD002D1EF9 /* ERMenu.m */; };
		6C27B5A7161B91CD002D1EF9 /* ERRadialMenuItem.h in Headers */ = {isa = PBXBuildFile; fileRef = 6C27B59D161B91CD002D1EF9 /* ERRadialMenuItem.h */; };
		6C27B5A8161B91CD002D1EF9 /* ERRadialMenuItem.m in Sources */ = {isa = PBXBuildFile; fileRef = 6C27B59E161B91CD002D1EF9 /* ERRadialMenuItem.m */; };
		6C27B5A9161B91CD002D1EF9 /* ERRadialMenuView.h in Headers */ = {isa = PBXBuildFile; fileRef = 6C27B59F161B91CD002D1EF9 /* ERRadialMenuView.h */; };
		6C27B5AA161B91CD002D1EF9 /* ERRadialMenuView.m in Sources */ = {isa = PBXBuildFile; fileRef = 6C27B5A0161B91CD002D1EF9 /* ERRadialMenuView.m */; };
		6C27B5AB161B91CD002D1EF9 /* ERRadialMenuWindow.h in Headers */ = {isa = PBXBuildFile; fileRef = 6C27B5A1161B91CD002D1EF9 /* ERRadialMenuWindow.h */; };
		6C27B5AC161B91CD002D1EF9 /* ERRadialMenuWindow.m in Sources */ = {isa = PBXBuildFile; fileRef = 6C27B5A2161B91CD002D1EF9 /* ERRadialMenuWindow.m */; };
		6C27B5B3161B93EE002D1EF9 /* Cocoa.framework in Frameworks */ = {isa = PBXBuildFile; fileRef = 6C27B57E161B9158002D1EF9 /* Cocoa.framework */; };
		6C27B5B9161B93EE002D1EF9 /* InfoPlist.strings in Resources */ = {isa = PBXBuildFile; fileRef = 6C27B5B7161B93EE002D1EF9 /* InfoPlist.strings */; };
		6C27B5BB161B93EE002D1EF9 /* main.m in Sources */ = {isa = PBXBuildFile; fileRef = 6C27B5BA161B93EE002D1EF9 /* main.m */; };
		6C27B5BF161B93EE002D1EF9 /* Credits.rtf in Resources */ = {isa = PBXBuildFile; fileRef = 6C27B5BD161B93EE002D1EF9 /* Credits.rtf */; };
		6C27B5C2161B93EE002D1EF9 /* AppDelegate.m in Sources */ = {isa = PBXBuildFile; fileRef = 6C27B5C1161B93EE002D1EF9 /* AppDelegate.m */; };
		6C27B5C5161B93EE002D1EF9 /* MainMenu.xib in Resources */ = {isa = PBXBuildFile; fileRef = 6C27B5C3161B93EE002D1EF9 /* MainMenu.xib */; };
		6C27B5CB161B9480002D1EF9 /* ERDummyView.m in Sources */ = {isa = PBXBuildFile; fileRef = 6C27B5CA161B9480002D1EF9 /* ERDummyView.m */; };
		6C27B5CF161B955E002D1EF9 /* ERAppKit.framework in CopyFiles */ = {isa = PBXBuildFile; fileRef = 6C27B57B161B9158002D1EF9 /* ERAppKit.framework */; };
		6C27B5D2161B983B002D1EF9 /* ERAppKit.framework in Frameworks */ = {isa = PBXBuildFile; fileRef = 6C27B57B161B9158002D1EF9 /* ERAppKit.framework */; };
		6C27B5D8161B9CD4002D1EF9 /* doxyfile in Resources */ = {isa = PBXBuildFile; fileRef = 6C27B5D7161B9CD4002D1EF9 /* doxyfile */; };
		6C27B5E6161E1224002D1EF9 /* ERGeometry.h in Headers */ = {isa = PBXBuildFile; fileRef = 6C27B5E4161E1224002D1EF9 /* ERGeometry.h */; settings = {ATTRIBUTES = (Public, ); }; };
		6C27B5E7161E1224002D1EF9 /* ERGeometry.m in Sources */ = {isa = PBXBuildFile; fileRef = 6C27B5E5161E1224002D1EF9 /* ERGeometry.m */; };
		6C27B5EA161F8C9D002D1EF9 /* ERGlobals.h in Headers */ = {isa = PBXBuildFile; fileRef = 6C27B5E9161F8C28002D1EF9 /* ERGlobals.h */; settings = {ATTRIBUTES = (Public, ); }; };
		6C4BCF99162B834C0082630C /* ERAppKit.h in Headers */ = {isa = PBXBuildFile; fileRef = 6C27B58B161B9158002D1EF9 /* ERAppKit.h */; settings = {ATTRIBUTES = (Public, ); }; };
		6C57F81816585142004D37C8 /* NSBezierPath+ERAppKit.h in Headers */ = {isa = PBXBuildFile; fileRef = 6C57F81616585142004D37C8 /* NSBezierPath+ERAppKit.h */; settings = {ATTRIBUTES = (Public, ); }; };
		6C57F81916585142004D37C8 /* NSBezierPath+ERAppKit.m in Sources */ = {isa = PBXBuildFile; fileRef = 6C57F81716585142004D37C8 /* NSBezierPath+ERAppKit.m */; };
		6C57F824165ACA2F004D37C8 /* tool-arrow.png in Resources */ = {isa = PBXBuildFile; fileRef = 6C57F81C165ACA2F004D37C8 /* tool-arrow.png */; };
		6C57F825165ACA2F004D37C8 /* tool-bezier.png in Resources */ = {isa = PBXBuildFile; fileRef = 6C57F81D165ACA2F004D37C8 /* tool-bezier.png */; };
		6C57F826165ACA2F004D37C8 /* tool-line.png in Resources */ = {isa = PBXBuildFile; fileRef = 6C57F81E165ACA2F004D37C8 /* tool-line.png */; };
		6C57F827165ACA2F004D37C8 /* tool-oval.png in Resources */ = {isa = PBXBuildFile; fileRef = 6C57F81F165ACA2F004D37C8 /* tool-oval.png */; };
		6C57F828165ACA2F004D37C8 /* tool-polyline.png in Resources */ = {isa = PBXBuildFile; fileRef = 6C57F820165ACA2F004D37C8 /* tool-polyline.png */; };
		6C57F829165ACA2F004D37C8 /* tool-rectangle.png in Resources */ = {isa = PBXBuildFile; fileRef = 6C57F821165ACA2F004D37C8 /* tool-rectangle.png */; };
		6C57F82A165ACA2F004D37C8 /* tool-text.png in Resources */ = {isa = PBXBuildFile; fileRef = 6C57F822165ACA2F004D37C8 /* tool-text.png */; };
		6C57F82B165ACA2F004D37C8 /* tool-zoom.png in Resources */ = {isa = PBXBuildFile; fileRef = 6C57F823165ACA2F004D37C8 /* tool-zoom.png */; };
		6C68115C166555110019F7ED /* ERPalette.h in Headers */ = {isa = PBXBuildFile; fileRef = 6C68115B166555110019F7ED /* ERPalette.h */; settings = {ATTRIBUTES = (Public, ); }; };
		6C722C59164AF0C30011BA2F /* ERPalettePanel.h in Headers */ = {isa = PBXBuildFile; fileRef = 6C722C57164AF0C30011BA2F /* ERPalettePanel.h */; settings = {ATTRIBUTES = (Public, ); }; };
		6C722C5A164AF0C30011BA2F /* ERPalettePanel.m in Sources */ = {isa = PBXBuildFile; fileRef = 6C722C58164AF0C30011BA2F /* ERPalettePanel.m */; };
		6C722C5D164AF1870011BA2F /* ERPaletteContentView.h in Headers */ = {isa = PBXBuildFile; fileRef = 6C722C5B164AF1870011BA2F /* ERPaletteContentView.h */; settings = {ATTRIBUTES = (); }; };
		6C722C5E164AF1870011BA2F /* ERPaletteContentView.m in Sources */ = {isa = PBXBuildFile; fileRef = 6C722C5C164AF1870011BA2F /* ERPaletteContentView.m */; };
		6C722C61164B0FE50011BA2F /* ERPaletteHolderView.h in Headers */ = {isa = PBXBuildFile; fileRef = 6C722C5F164B0FE50011BA2F /* ERPaletteHolderView.h */; settings = {ATTRIBUTES = (Public, ); }; };
		6C722C62164B0FE50011BA2F /* ERPaletteHolderView.m in Sources */ = {isa = PBXBuildFile; fileRef = 6C722C60164B0FE50011BA2F /* ERPaletteHolderView.m */; };
		6C8C750C166095190088C47F /* ERPaletteOpenButton.h in Headers */ = {isa = PBXBuildFile; fileRef = 6C8C750A166095190088C47F /* ERPaletteOpenButton.h */; };
		6C8C750D166095190088C47F /* ERPaletteOpenButton.m in Sources */ = {isa = PBXBuildFile; fileRef = 6C8C750B166095190088C47F /* ERPaletteOpenButton.m */; };
		6C8C75101660957B0088C47F /* ERPaletteOpenPopupContentView.h in Headers */ = {isa = PBXBuildFile; fileRef = 6C8C750E1660957B0088C47F /* ERPaletteOpenPopupContentView.h */; };
		6C8C75111660957B0088C47F /* ERPaletteOpenPopupContentView.m in Sources */ = {isa = PBXBuildFile; fileRef = 6C8C750F1660957B0088C47F /* ERPaletteOpenPopupContentView.m */; };
		6C8C7514166095D40088C47F /* ERPaletteOpenPopup.h in Headers */ = {isa = PBXBuildFile; fileRef = 6C8C7512166095D40088C47F /* ERPaletteOpenPopup.h */; };
		6C8C7515166095D40088C47F /* ERPaletteOpenPopup.m in Sources */ = {isa = PBXBuildFile; fileRef = 6C8C7513166095D40088C47F /* ERPaletteOpenPopup.m */; };
		6C96860716558369005168C4 /* ERPaletteButton.h in Headers */ = {isa = PBXBuildFile; fileRef = 6C96860516558368005168C4 /* ERPaletteButton.h */; };
		6C96860816558369005168C4 /* ERPaletteButton.m in Sources */ = {isa = PBXBuildFile; fileRef = 6C96860616558369005168C4 /* ERPaletteButton.m */; };
		6CBD5C5A1650BA750035C6F7 /* ERPaletteTitleView.h in Headers */ = {isa = PBXBuildFile; fileRef = 6CBD5C581650BA750035C6F7 /* ERPaletteTitleView.h */; };
		6CBD5C5B1650BA750035C6F7 /* ERPaletteTitleView.m in Sources */ = {isa = PBXBuildFile; fileRef = 6CBD5C591650BA750035C6F7 /* ERPaletteTitleView.m */; };
		6CBD5C5F1650CE3F0035C6F7 /* ERPaletteTab.h in Headers */ = {isa = PBXBuildFile; fileRef = 6CBD5C5D1650CE3F0035C6F7 /* ERPaletteTab.h */; };
		6CBD5C601650CE3F0035C6F7 /* ERPaletteTab.m in Sources */ = {isa = PBXBuildFile; fileRef = 6CBD5C5E1650CE3F0035C6F7 /* ERPaletteTab.m */; };
		6CC94BA0162092A900FB1CD0 /* ERTimer.h in Headers */ = {isa = PBXBuildFile; fileRef = 6CC94B9E162092A900FB1CD0 /* ERTimer.h */; settings = {ATTRIBUTES = (Public, ); }; };
		6CC94BA1162092A900FB1CD0 /* ERTimer.m in Sources */ = {isa = PBXBuildFile; fileRef = 6CC94B9F162092A900FB1CD0 /* ERTimer.m */; };
		6CE3FE6B16694194004CE26E /* LICENSE in Resources */ = {isa = PBXBuildFile; fileRef = 6CE3FE6816694194004CE26E /* LICENSE */; };
		6CE3FE6C16694194004CE26E /* LICENSE.LESSER in Resources */ = {isa = PBXBuildFile; fileRef = 6CE3FE6916694194004CE26E /* LICENSE.LESSER */; };
		6CE3FE6F166C3143004CE26E /* QuartzCore.framework in Frameworks */ = {isa = PBXBuildFile; fileRef = 6CE3FE6E166C3143004CE26E /* QuartzCore.framework */; };
		6CE4813B164C48C6001001C8 /* ERPaletteTabView.h in Headers */ = {isa = PBXBuildFile; fileRef = 6CE48139164C48C6001001C8 /* ERPaletteTabView.h */; settings = {ATTRIBUTES = (Public, ); }; };
		6CE4813C164C48C6001001C8 /* ERPaletteTabView.m in Sources */ = {isa = PBXBuildFile; fileRef = 6CE4813A164C48C6001001C8 /* ERPaletteTabView.m */; };
/* End PBXBuildFile section */

/* Begin PBXContainerItemProxy section */
		6C27B5D0161B9829002D1EF9 /* PBXContainerItemProxy */ = {
			isa = PBXContainerItemProxy;
			containerPortal = 6C27B571161B9157002D1EF9 /* Project object */;
			proxyType = 1;
			remoteGlobalIDString = 6C27B57A161B9158002D1EF9;
			remoteInfo = ERAppKit;
		};
/* End PBXContainerItemProxy section */

/* Begin PBXCopyFilesBuildPhase section */
		6C27B5CE161B9559002D1EF9 /* CopyFiles */ = {
			isa = PBXCopyFilesBuildPhase;
			buildActionMask = 2147483647;
			dstPath = "";
			dstSubfolderSpec = 10;
			files = (
				6C27B5CF161B955E002D1EF9 /* ERAppKit.framework in CopyFiles */,
			);
			runOnlyForDeploymentPostprocessing = 0;
		};
/* End PBXCopyFilesBuildPhase section */

/* Begin PBXFileReference section */
		6C27B57B161B9158002D1EF9 /* ERAppKit.framework */ = {isa = PBXFileReference; explicitFileType = wrapper.framework; includeInIndex = 0; path = ERAppKit.framework; sourceTree = BUILT_PRODUCTS_DIR; };
		6C27B57E161B9158002D1EF9 /* Cocoa.framework */ = {isa = PBXFileReference; lastKnownFileType = wrapper.framework; name = Cocoa.framework; path = System/Library/Frameworks/Cocoa.framework; sourceTree = SDKROOT; };
		6C27B581161B9158002D1EF9 /* AppKit.framework */ = {isa = PBXFileReference; lastKnownFileType = wrapper.framework; name = AppKit.framework; path = System/Library/Frameworks/AppKit.framework; sourceTree = SDKROOT; };
		6C27B582161B9158002D1EF9 /* CoreData.framework */ = {isa = PBXFileReference; lastKnownFileType = wrapper.framework; name = CoreData.framework; path = System/Library/Frameworks/CoreData.framework; sourceTree = SDKROOT; };
		6C27B583161B9158002D1EF9 /* Foundation.framework */ = {isa = PBXFileReference; lastKnownFileType = wrapper.framework; name = Foundation.framework; path = System/Library/Frameworks/Foundation.framework; sourceTree = SDKROOT; };
		6C27B586161B9158002D1EF9 /* ERAppKit-Info.plist */ = {isa = PBXFileReference; lastKnownFileType = text.plist.xml; path = "ERAppKit-Info.plist"; sourceTree = "<group>"; };
		6C27B588161B9158002D1EF9 /* en */ = {isa = PBXFileReference; lastKnownFileType = text.plist.strings; name = en; path = en.lproj/InfoPlist.strings; sourceTree = "<group>"; };
		6C27B58A161B9158002D1EF9 /* ERAppKit-Prefix.pch */ = {isa = PBXFileReference; lastKnownFileType = sourcecode.c.h; path = "ERAppKit-Prefix.pch"; sourceTree = "<group>"; };
		6C27B58B161B9158002D1EF9 /* ERAppKit.h */ = {isa = PBXFileReference; lastKnownFileType = sourcecode.c.h; path = ERAppKit.h; sourceTree = "<group>"; };
		6C27B598161B91CD002D1EF9 /* ERFadingAnimation.h */ = {isa = PBXFileReference; fileEncoding = 4; lastKnownFileType = sourcecode.c.h; path = ERFadingAnimation.h; sourceTree = "<group>"; };
		6C27B599161B91CD002D1EF9 /* ERFadingAnimation.m */ = {isa = PBXFileReference; fileEncoding = 4; lastKnownFileType = sourcecode.c.objc; path = ERFadingAnimation.m; sourceTree = "<group>"; };
		6C27B59B161B91CD002D1EF9 /* ERMenu.h */ = {isa = PBXFileReference; fileEncoding = 4; lastKnownFileType = sourcecode.c.h; path = ERMenu.h; sourceTree = "<group>"; };
		6C27B59C161B91CD002D1EF9 /* ERMenu.m */ = {isa = PBXFileReference; fileEncoding = 4; lastKnownFileType = sourcecode.c.objc; path = ERMenu.m; sourceTree = "<group>"; };
		6C27B59D161B91CD002D1EF9 /* ERRadialMenuItem.h */ = {isa = PBXFileReference; fileEncoding = 4; lastKnownFileType = sourcecode.c.h; path = ERRadialMenuItem.h; sourceTree = "<group>"; };
		6C27B59E161B91CD002D1EF9 /* ERRadialMenuItem.m */ = {isa = PBXFileReference; fileEncoding = 4; lastKnownFileType = sourcecode.c.objc; path = ERRadialMenuItem.m; sourceTree = "<group>"; };
		6C27B59F161B91CD002D1EF9 /* ERRadialMenuView.h */ = {isa = PBXFileReference; fileEncoding = 4; lastKnownFileType = sourcecode.c.h; path = ERRadialMenuView.h; sourceTree = "<group>"; };
		6C27B5A0161B91CD002D1EF9 /* ERRadialMenuView.m */ = {isa = PBXFileReference; fileEncoding = 4; lastKnownFileType = sourcecode.c.objc; path = ERRadialMenuView.m; sourceTree = "<group>"; };
		6C27B5A1161B91CD002D1EF9 /* ERRadialMenuWindow.h */ = {isa = PBXFileReference; fileEncoding = 4; lastKnownFileType = sourcecode.c.h; path = ERRadialMenuWindow.h; sourceTree = "<group>"; };
		6C27B5A2161B91CD002D1EF9 /* ERRadialMenuWindow.m */ = {isa = PBXFileReference; fileEncoding = 4; lastKnownFileType = sourcecode.c.objc; path = ERRadialMenuWindow.m; sourceTree = "<group>"; };
		6C27B5B1161B93EE002D1EF9 /* ERAppKitDemo.app */ = {isa = PBXFileReference; explicitFileType = wrapper.application; includeInIndex = 0; path = ERAppKitDemo.app; sourceTree = BUILT_PRODUCTS_DIR; };
		6C27B5B6161B93EE002D1EF9 /* ERAppKitDemo-Info.plist */ = {isa = PBXFileReference; lastKnownFileType = text.plist.xml; path = "ERAppKitDemo-Info.plist"; sourceTree = "<group>"; };
		6C27B5B8161B93EE002D1EF9 /* en */ = {isa = PBXFileReference; lastKnownFileType = text.plist.strings; name = en; path = en.lproj/InfoPlist.strings; sourceTree = "<group>"; };
		6C27B5BA161B93EE002D1EF9 /* main.m */ = {isa = PBXFileReference; lastKnownFileType = sourcecode.c.objc; path = main.m; sourceTree = "<group>"; };
		6C27B5BC161B93EE002D1EF9 /* ERAppKitDemo-Prefix.pch */ = {isa = PBXFileReference; lastKnownFileType = sourcecode.c.h; path = "ERAppKitDemo-Prefix.pch"; sourceTree = "<group>"; };
		6C27B5BE161B93EE002D1EF9 /* en */ = {isa = PBXFileReference; lastKnownFileType = text.rtf; name = en; path = en.lproj/Credits.rtf; sourceTree = "<group>"; };
		6C27B5C0161B93EE002D1EF9 /* AppDelegate.h */ = {isa = PBXFileReference; lastKnownFileType = sourcecode.c.h; path = AppDelegate.h; sourceTree = "<group>"; };
		6C27B5C1161B93EE002D1EF9 /* AppDelegate.m */ = {isa = PBXFileReference; lastKnownFileType = sourcecode.c.objc; path = AppDelegate.m; sourceTree = "<group>"; };
		6C27B5C4161B93EE002D1EF9 /* en */ = {isa = PBXFileReference; lastKnownFileType = file.xib; name = en; path = en.lproj/MainMenu.xib; sourceTree = "<group>"; };
		6C27B5C9161B9480002D1EF9 /* ERDummyView.h */ = {isa = PBXFileReference; fileEncoding = 4; lastKnownFileType = sourcecode.c.h; path = ERDummyView.h; sourceTree = "<group>"; };
		6C27B5CA161B9480002D1EF9 /* ERDummyView.m */ = {isa = PBXFileReference; fileEncoding = 4; lastKnownFileType = sourcecode.c.objc; path = ERDummyView.m; sourceTree = "<group>"; };
		6C27B5D7161B9CD4002D1EF9 /* doxyfile */ = {isa = PBXFileReference; fileEncoding = 4; lastKnownFileType = text; path = doxyfile; sourceTree = "<group>"; };
		6C27B5E4161E1224002D1EF9 /* ERGeometry.h */ = {isa = PBXFileReference; fileEncoding = 4; lastKnownFileType = sourcecode.c.h; name = ERGeometry.h; path = src/Tools/ERGeometry.h; sourceTree = "<group>"; };
		6C27B5E5161E1224002D1EF9 /* ERGeometry.m */ = {isa = PBXFileReference; fileEncoding = 4; lastKnownFileType = sourcecode.c.objc; name = ERGeometry.m; path = src/Tools/ERGeometry.m; sourceTree = "<group>"; };
		6C27B5E9161F8C28002D1EF9 /* ERGlobals.h */ = {isa = PBXFileReference; lastKnownFileType = sourcecode.c.h; name = ERGlobals.h; path = src/ERGlobals.h; sourceTree = "<group>"; };
		6C57F81616585142004D37C8 /* NSBezierPath+ERAppKit.h */ = {isa = PBXFileReference; fileEncoding = 4; lastKnownFileType = sourcecode.c.h; name = "NSBezierPath+ERAppKit.h"; path = "src/Tools/NSBezierPath+ERAppKit.h"; sourceTree = "<group>"; };
		6C57F81716585142004D37C8 /* NSBezierPath+ERAppKit.m */ = {isa = PBXFileReference; fileEncoding = 4; lastKnownFileType = sourcecode.c.objc; name = "NSBezierPath+ERAppKit.m"; path = "src/Tools/NSBezierPath+ERAppKit.m"; sourceTree = "<group>"; };
		6C57F81C165ACA2F004D37C8 /* tool-arrow.png */ = {isa = PBXFileReference; lastKnownFileType = image.png; path = "tool-arrow.png"; sourceTree = "<group>"; };
		6C57F81D165ACA2F004D37C8 /* tool-bezier.png */ = {isa = PBXFileReference; lastKnownFileType = image.png; path = "tool-bezier.png"; sourceTree = "<group>"; };
		6C57F81E165ACA2F004D37C8 /* tool-line.png */ = {isa = PBXFileReference; lastKnownFileType = image.png; path = "tool-line.png"; sourceTree = "<group>"; };
		6C57F81F165ACA2F004D37C8 /* tool-oval.png */ = {isa = PBXFileReference; lastKnownFileType = image.png; path = "tool-oval.png"; sourceTree = "<group>"; };
		6C57F820165ACA2F004D37C8 /* tool-polyline.png */ = {isa = PBXFileReference; lastKnownFileType = image.png; path = "tool-polyline.png"; sourceTree = "<group>"; };
		6C57F821165ACA2F004D37C8 /* tool-rectangle.png */ = {isa = PBXFileReference; lastKnownFileType = image.png; path = "tool-rectangle.png"; sourceTree = "<group>"; };
		6C57F822165ACA2F004D37C8 /* tool-text.png */ = {isa = PBXFileReference; lastKnownFileType = image.png; path = "tool-text.png"; sourceTree = "<group>"; };
		6C57F823165ACA2F004D37C8 /* tool-zoom.png */ = {isa = PBXFileReference; lastKnownFileType = image.png; path = "tool-zoom.png"; sourceTree = "<group>"; };
		6C68115B166555110019F7ED /* ERPalette.h */ = {isa = PBXFileReference; fileEncoding = 4; lastKnownFileType = sourcecode.c.h; path = ERPalette.h; sourceTree = "<group>"; };
		6C722C57164AF0C30011BA2F /* ERPalettePanel.h */ = {isa = PBXFileReference; fileEncoding = 4; lastKnownFileType = sourcecode.c.h; path = ERPalettePanel.h; sourceTree = "<group>"; };
		6C722C58164AF0C30011BA2F /* ERPalettePanel.m */ = {isa = PBXFileReference; fileEncoding = 4; lastKnownFileType = sourcecode.c.objc; path = ERPalettePanel.m; sourceTree = "<group>"; };
		6C722C5B164AF1870011BA2F /* ERPaletteContentView.h */ = {isa = PBXFileReference; fileEncoding = 4; lastKnownFileType = sourcecode.c.h; path = ERPaletteContentView.h; sourceTree = "<group>"; };
		6C722C5C164AF1870011BA2F /* ERPaletteContentView.m */ = {isa = PBXFileReference; fileEncoding = 4; lastKnownFileType = sourcecode.c.objc; path = ERPaletteContentView.m; sourceTree = "<group>"; };
		6C722C5F164B0FE50011BA2F /* ERPaletteHolderView.h */ = {isa = PBXFileReference; fileEncoding = 4; lastKnownFileType = sourcecode.c.h; path = ERPaletteHolderView.h; sourceTree = "<group>"; };
		6C722C60164B0FE50011BA2F /* ERPaletteHolderView.m */ = {isa = PBXFileReference; fileEncoding = 4; lastKnownFileType = sourcecode.c.objc; path = ERPaletteHolderView.m; sourceTree = "<group>"; };
		6C8C750A166095190088C47F /* ERPaletteOpenButton.h */ = {isa = PBXFileReference; fileEncoding = 4; lastKnownFileType = sourcecode.c.h; path = ERPaletteOpenButton.h; sourceTree = "<group>"; };
		6C8C750B166095190088C47F /* ERPaletteOpenButton.m */ = {isa = PBXFileReference; fileEncoding = 4; lastKnownFileType = sourcecode.c.objc; path = ERPaletteOpenButton.m; sourceTree = "<group>"; };
		6C8C750E1660957B0088C47F /* ERPaletteOpenPopupContentView.h */ = {isa = PBXFileReference; fileEncoding = 4; lastKnownFileType = sourcecode.c.h; path = ERPaletteOpenPopupContentView.h; sourceTree = "<group>"; };
		6C8C750F1660957B0088C47F /* ERPaletteOpenPopupContentView.m */ = {isa = PBXFileReference; fileEncoding = 4; lastKnownFileType = sourcecode.c.objc; path = ERPaletteOpenPopupContentView.m; sourceTree = "<group>"; };
		6C8C7512166095D40088C47F /* ERPaletteOpenPopup.h */ = {isa = PBXFileReference; fileEncoding = 4; lastKnownFileType = sourcecode.c.h; path = ERPaletteOpenPopup.h; sourceTree = "<group>"; };
		6C8C7513166095D40088C47F /* ERPaletteOpenPopup.m */ = {isa = PBXFileReference; fileEncoding = 4; lastKnownFileType = sourcecode.c.objc; path = ERPaletteOpenPopup.m; sourceTree = "<group>"; };
		6C96860516558368005168C4 /* ERPaletteButton.h */ = {isa = PBXFileReference; fileEncoding = 4; lastKnownFileType = sourcecode.c.h; path = ERPaletteButton.h; sourceTree = "<group>"; };
		6C96860616558369005168C4 /* ERPaletteButton.m */ = {isa = PBXFileReference; fileEncoding = 4; lastKnownFileType = sourcecode.c.objc; path = ERPaletteButton.m; sourceTree = "<group>"; };
		6CBD5C581650BA750035C6F7 /* ERPaletteTitleView.h */ = {isa = PBXFileReference; fileEncoding = 4; lastKnownFileType = sourcecode.c.h; path = ERPaletteTitleView.h; sourceTree = "<group>"; };
		6CBD5C591650BA750035C6F7 /* ERPaletteTitleView.m */ = {isa = PBXFileReference; fileEncoding = 4; lastKnownFileType = sourcecode.c.objc; path = ERPaletteTitleView.m; sourceTree = "<group>"; };
		6CBD5C5D1650CE3F0035C6F7 /* ERPaletteTab.h */ = {isa = PBXFileReference; fileEncoding = 4; lastKnownFileType = sourcecode.c.h; path = ERPaletteTab.h; sourceTree = "<group>"; };
		6CBD5C5E1650CE3F0035C6F7 /* ERPaletteTab.m */ = {isa = PBXFileReference; fileEncoding = 4; lastKnownFileType = sourcecode.c.objc; path = ERPaletteTab.m; sourceTree = "<group>"; };
		6CC94B9E162092A900FB1CD0 /* ERTimer.h */ = {isa = PBXFileReference; fileEncoding = 4; lastKnownFileType = sourcecode.c.h; name = ERTimer.h; path = src/Tools/ERTimer.h; sourceTree = "<group>"; };
		6CC94B9F162092A900FB1CD0 /* ERTimer.m */ = {isa = PBXFileReference; fileEncoding = 4; lastKnownFileType = sourcecode.c.objc; name = ERTimer.m; path = src/Tools/ERTimer.m; sourceTree = "<group>"; };
		6CE3FE6816694194004CE26E /* LICENSE */ = {isa = PBXFileReference; fileEncoding = 4; lastKnownFileType = text; path = LICENSE; sourceTree = SOURCE_ROOT; };
		6CE3FE6916694194004CE26E /* LICENSE.LESSER */ = {isa = PBXFileReference; fileEncoding = 4; lastKnownFileType = text; path = LICENSE.LESSER; sourceTree = SOURCE_ROOT; };
		6CE3FE6A16694194004CE26E /* README.mdown */ = {isa = PBXFileReference; fileEncoding = 4; lastKnownFileType = text; path = README.mdown; sourceTree = SOURCE_ROOT; };
		6CE3FE6E166C3143004CE26E /* QuartzCore.framework */ = {isa = PBXFileReference; lastKnownFileType = wrapper.framework; name = QuartzCore.framework; path = System/Library/Frameworks/QuartzCore.framework; sourceTree = SDKROOT; };
		6CE48139164C48C6001001C8 /* ERPaletteTabView.h */ = {isa = PBXFileReference; fileEncoding = 4; lastKnownFileType = sourcecode.c.h; path = ERPaletteTabView.h; sourceTree = "<group>"; };
		6CE4813A164C48C6001001C8 /* ERPaletteTabView.m */ = {isa = PBXFileReference; fileEncoding = 4; lastKnownFileType = sourcecode.c.objc; path = ERPaletteTabView.m; sourceTree = "<group>"; };
/* End PBXFileReference section */

/* Begin PBXFrameworksBuildPhase section */
		6C27B577161B9158002D1EF9 /* Frameworks */ = {
			isa = PBXFrameworksBuildPhase;
			buildActionMask = 2147483647;
			files = (
				6CE3FE6F166C3143004CE26E /* QuartzCore.framework in Frameworks */,
				6C27B57F161B9158002D1EF9 /* Cocoa.framework in Frameworks */,
			);
			runOnlyForDeploymentPostprocessing = 0;
		};
		6C27B5AE161B93EE002D1EF9 /* Frameworks */ = {
			isa = PBXFrameworksBuildPhase;
			buildActionMask = 2147483647;
			files = (
				6C27B5B3161B93EE002D1EF9 /* Cocoa.framework in Frameworks */,
				6C27B5D2161B983B002D1EF9 /* ERAppKit.framework in Frameworks */,
			);
			runOnlyForDeploymentPostprocessing = 0;
		};
/* End PBXFrameworksBuildPhase section */

/* Begin PBXGroup section */
		6C27B56F161B9157002D1EF9 = {
			isa = PBXGroup;
			children = (
				6CE3FE6E166C3143004CE26E /* QuartzCore.framework */,
				6C27B584161B9158002D1EF9 /* ERAppKit */,
				6C27B5B4161B93EE002D1EF9 /* ERAppKitDemo */,
				6C27B57D161B9158002D1EF9 /* Frameworks */,
				6C27B57C161B9158002D1EF9 /* Products */,
			);
			sourceTree = "<group>";
		};
		6C27B57C161B9158002D1EF9 /* Products */ = {
			isa = PBXGroup;
			children = (
				6C27B57B161B9158002D1EF9 /* ERAppKit.framework */,
				6C27B5B1161B93EE002D1EF9 /* ERAppKitDemo.app */,
			);
			name = Products;
			sourceTree = "<group>";
		};
		6C27B57D161B9158002D1EF9 /* Frameworks */ = {
			isa = PBXGroup;
			children = (
				6C27B57E161B9158002D1EF9 /* Cocoa.framework */,
				6C27B580161B9158002D1EF9 /* Other Frameworks */,
			);
			name = Frameworks;
			sourceTree = "<group>";
		};
		6C27B580161B9158002D1EF9 /* Other Frameworks */ = {
			isa = PBXGroup;
			children = (
				6C27B581161B9158002D1EF9 /* AppKit.framework */,
				6C27B582161B9158002D1EF9 /* CoreData.framework */,
				6C27B583161B9158002D1EF9 /* Foundation.framework */,
			);
			name = "Other Frameworks";
			sourceTree = "<group>";
		};
		6C27B584161B9158002D1EF9 /* ERAppKit */ = {
			isa = PBXGroup;
			children = (
				6C722C55164AF04E0011BA2F /* Palettes */,
				6C27B58B161B9158002D1EF9 /* ERAppKit.h */,
				6C27B5E9161F8C28002D1EF9 /* ERGlobals.h */,
				6C27B597161B91CD002D1EF9 /* Animations */,
				6C27B59A161B91CD002D1EF9 /* Radial Menu */,
				6C27B5E8161E122B002D1EF9 /* Tools */,
				6C27B585161B9158002D1EF9 /* Supporting Files */,
			);
			path = ERAppKit;
			sourceTree = "<group>";
		};
		6C27B585161B9158002D1EF9 /* Supporting Files */ = {
			isa = PBXGroup;
			children = (
				6CE3FE6816694194004CE26E /* LICENSE */,
				6CE3FE6916694194004CE26E /* LICENSE.LESSER */,
				6CE3FE6A16694194004CE26E /* README.mdown */,
				6C27B5D7161B9CD4002D1EF9 /* doxyfile */,
				6C27B586161B9158002D1EF9 /* ERAppKit-Info.plist */,
				6C27B587161B9158002D1EF9 /* InfoPlist.strings */,
				6C27B58A161B9158002D1EF9 /* ERAppKit-Prefix.pch */,
			);
			name = "Supporting Files";
			sourceTree = "<group>";
		};
		6C27B597161B91CD002D1EF9 /* Animations */ = {
			isa = PBXGroup;
			children = (
				6C27B598161B91CD002D1EF9 /* ERFadingAnimation.h */,
				6C27B599161B91CD002D1EF9 /* ERFadingAnimation.m */,
			);
			name = Animations;
			path = src/Animations;
			sourceTree = "<group>";
		};
		6C27B59A161B91CD002D1EF9 /* Radial Menu */ = {
			isa = PBXGroup;
			children = (
				6C27B59B161B91CD002D1EF9 /* ERMenu.h */,
				6C27B59C161B91CD002D1EF9 /* ERMenu.m */,
				6C27B59D161B91CD002D1EF9 /* ERRadialMenuItem.h */,
				6C27B59E161B91CD002D1EF9 /* ERRadialMenuItem.m */,
				6C27B59F161B91CD002D1EF9 /* ERRadialMenuView.h */,
				6C27B5A0161B91CD002D1EF9 /* ERRadialMenuView.m */,
				6C27B5A1161B91CD002D1EF9 /* ERRadialMenuWindow.h */,
				6C27B5A2161B91CD002D1EF9 /* ERRadialMenuWindow.m */,
			);
			name = "Radial Menu";
			path = "src/Radial Menu";
			sourceTree = "<group>";
		};
		6C27B5B4161B93EE002D1EF9 /* ERAppKitDemo */ = {
			isa = PBXGroup;
			children = (
				6C27B5C0161B93EE002D1EF9 /* AppDelegate.h */,
				6C27B5C1161B93EE002D1EF9 /* AppDelegate.m */,
				6C27B5C9161B9480002D1EF9 /* ERDummyView.h */,
				6C27B5CA161B9480002D1EF9 /* ERDummyView.m */,
				6C27B5C3161B93EE002D1EF9 /* MainMenu.xib */,
				6C27B5B5161B93EE002D1EF9 /* Supporting Files */,
			);
			path = ERAppKitDemo;
			sourceTree = "<group>";
		};
		6C27B5B5161B93EE002D1EF9 /* Supporting Files */ = {
			isa = PBXGroup;
			children = (
				6C57F81B165ACA2F004D37C8 /* Icons */,
				6C27B5B6161B93EE002D1EF9 /* ERAppKitDemo-Info.plist */,
				6C27B5B7161B93EE002D1EF9 /* InfoPlist.strings */,
				6C27B5BA161B93EE002D1EF9 /* main.m */,
				6C27B5BC161B93EE002D1EF9 /* ERAppKitDemo-Prefix.pch */,
				6C27B5BD161B93EE002D1EF9 /* Credits.rtf */,
			);
			name = "Supporting Files";
			sourceTree = "<group>";
		};
		6C27B5E8161E122B002D1EF9 /* Tools */ = {
			isa = PBXGroup;
			children = (
				6C27B5E4161E1224002D1EF9 /* ERGeometry.h */,
				6C27B5E5161E1224002D1EF9 /* ERGeometry.m */,
				6CC94B9E162092A900FB1CD0 /* ERTimer.h */,
				6CC94B9F162092A900FB1CD0 /* ERTimer.m */,
				6C57F81616585142004D37C8 /* NSBezierPath+ERAppKit.h */,
				6C57F81716585142004D37C8 /* NSBezierPath+ERAppKit.m */,
			);
			name = Tools;
			sourceTree = "<group>";
		};
		6C57F81B165ACA2F004D37C8 /* Icons */ = {
			isa = PBXGroup;
			children = (
				6C57F81C165ACA2F004D37C8 /* tool-arrow.png */,
				6C57F81D165ACA2F004D37C8 /* tool-bezier.png */,
				6C57F81E165ACA2F004D37C8 /* tool-line.png */,
				6C57F81F165ACA2F004D37C8 /* tool-oval.png */,
				6C57F820165ACA2F004D37C8 /* tool-polyline.png */,
				6C57F821165ACA2F004D37C8 /* tool-rectangle.png */,
				6C57F822165ACA2F004D37C8 /* tool-text.png */,
				6C57F823165ACA2F004D37C8 /* tool-zoom.png */,
			);
			path = Icons;
			sourceTree = "<group>";
		};
		6C722C55164AF04E0011BA2F /* Palettes */ = {
			isa = PBXGroup;
			children = (
				6C68115B166555110019F7ED /* ERPalette.h */,
				6C722C57164AF0C30011BA2F /* ERPalettePanel.h */,
				6C722C58164AF0C30011BA2F /* ERPalettePanel.m */,
				6C722C5F164B0FE50011BA2F /* ERPaletteHolderView.h */,
				6C722C60164B0FE50011BA2F /* ERPaletteHolderView.m */,
				6CE48139164C48C6001001C8 /* ERPaletteTabView.h */,
				6CE4813A164C48C6001001C8 /* ERPaletteTabView.m */,
				6C722C5B164AF1870011BA2F /* ERPaletteContentView.h */,
				6C722C5C164AF1870011BA2F /* ERPaletteContentView.m */,
				6CBD5C581650BA750035C6F7 /* ERPaletteTitleView.h */,
				6CBD5C591650BA750035C6F7 /* ERPaletteTitleView.m */,
				6CBD5C5D1650CE3F0035C6F7 /* ERPaletteTab.h */,
				6CBD5C5E1650CE3F0035C6F7 /* ERPaletteTab.m */,
				6C96860516558368005168C4 /* ERPaletteButton.h */,
				6C96860616558369005168C4 /* ERPaletteButton.m */,
				6C8C7508166094BE0088C47F /* Opener Popup */,
			);
			name = Palettes;
			path = src/Palettes;
			sourceTree = "<group>";
		};
		6C8C7508166094BE0088C47F /* Opener Popup */ = {
			isa = PBXGroup;
			children = (
				6C8C750A166095190088C47F /* ERPaletteOpenButton.h */,
				6C8C750B166095190088C47F /* ERPaletteOpenButton.m */,
				6C8C750E1660957B0088C47F /* ERPaletteOpenPopupContentView.h */,
				6C8C750F1660957B0088C47F /* ERPaletteOpenPopupContentView.m */,
				6C8C7512166095D40088C47F /* ERPaletteOpenPopup.h */,
				6C8C7513166095D40088C47F /* ERPaletteOpenPopup.m */,
			);
			path = "Opener Popup";
			sourceTree = "<group>";
		};
/* End PBXGroup section */

/* Begin PBXHeadersBuildPhase section */
		6C27B578161B9158002D1EF9 /* Headers */ = {
			isa = PBXHeadersBuildPhase;
			buildActionMask = 2147483647;
			files = (
				6C27B5A5161B91CD002D1EF9 /* ERMenu.h in Headers */,
				6C27B5A3161B91CD002D1EF9 /* ERFadingAnimation.h in Headers */,
				6C27B5A7161B91CD002D1EF9 /* ERRadialMenuItem.h in Headers */,
				6C27B5A9161B91CD002D1EF9 /* ERRadialMenuView.h in Headers */,
				6C27B5AB161B91CD002D1EF9 /* ERRadialMenuWindow.h in Headers */,
				6C27B5E6161E1224002D1EF9 /* ERGeometry.h in Headers */,
				6C27B5EA161F8C9D002D1EF9 /* ERGlobals.h in Headers */,
				6CC94BA0162092A900FB1CD0 /* ERTimer.h in Headers */,
				6C4BCF99162B834C0082630C /* ERAppKit.h in Headers */,
				6C722C59164AF0C30011BA2F /* ERPalettePanel.h in Headers */,
				6C722C5D164AF1870011BA2F /* ERPaletteContentView.h in Headers */,
				6C722C61164B0FE50011BA2F /* ERPaletteHolderView.h in Headers */,
				6CE4813B164C48C6001001C8 /* ERPaletteTabView.h in Headers */,
				6CBD5C5A1650BA750035C6F7 /* ERPaletteTitleView.h in Headers */,
				6CBD5C5F1650CE3F0035C6F7 /* ERPaletteTab.h in Headers */,
				6C96860716558369005168C4 /* ERPaletteButton.h in Headers */,
				6C57F81816585142004D37C8 /* NSBezierPath+ERAppKit.h in Headers */,
				6C8C750C166095190088C47F /* ERPaletteOpenButton.h in Headers */,
				6C8C75101660957B0088C47F /* ERPaletteOpenPopupContentView.h in Headers */,
				6C8C7514166095D40088C47F /* ERPaletteOpenPopup.h in Headers */,
				6C68115C166555110019F7ED /* ERPalette.h in Headers */,
			);
			runOnlyForDeploymentPostprocessing = 0;
		};
/* End PBXHeadersBuildPhase section */

/* Begin PBXNativeTarget section */
		6C27B57A161B9158002D1EF9 /* ERAppKit */ = {
			isa = PBXNativeTarget;
			buildConfigurationList = 6C27B590161B9158002D1EF9 /* Build configuration list for PBXNativeTarget "ERAppKit" */;
			buildPhases = (
				6C27B576161B9158002D1EF9 /* Sources */,
				6C27B577161B9158002D1EF9 /* Frameworks */,
				6C27B578161B9158002D1EF9 /* Headers */,
				6C27B579161B9158002D1EF9 /* Resources */,
			);
			buildRules = (
			);
			dependencies = (
			);
			name = ERAppKit;
			productName = ERAppKit;
			productReference = 6C27B57B161B9158002D1EF9 /* ERAppKit.framework */;
			productType = "com.apple.product-type.framework";
		};
		6C27B5B0161B93EE002D1EF9 /* ERAppKitDemo */ = {
			isa = PBXNativeTarget;
			buildConfigurationList = 6C27B5C6161B93EE002D1EF9 /* Build configuration list for PBXNativeTarget "ERAppKitDemo" */;
			buildPhases = (
				6C27B5AD161B93EE002D1EF9 /* Sources */,
				6C27B5AE161B93EE002D1EF9 /* Frameworks */,
				6C27B5AF161B93EE002D1EF9 /* Resources */,
				6C27B5CE161B9559002D1EF9 /* CopyFiles */,
			);
			buildRules = (
			);
			dependencies = (
				6C27B5D1161B9829002D1EF9 /* PBXTargetDependency */,
			);
			name = ERAppKitDemo;
			productName = ERAppKitDemo;
			productReference = 6C27B5B1161B93EE002D1EF9 /* ERAppKitDemo.app */;
			productType = "com.apple.product-type.application";
		};
/* End PBXNativeTarget section */

/* Begin PBXProject section */
		6C27B571161B9157002D1EF9 /* Project object */ = {
			isa = PBXProject;
			attributes = {
				LastUpgradeCheck = 0450;
				ORGANIZATIONNAME = "Evan Altman, Raphael Bost";
			};
			buildConfigurationList = 6C27B574161B9157002D1EF9 /* Build configuration list for PBXProject "ERAppKit" */;
			compatibilityVersion = "Xcode 3.2";
			developmentRegion = English;
			hasScannedForEncodings = 0;
			knownRegions = (
				en,
			);
			mainGroup = 6C27B56F161B9157002D1EF9;
			productRefGroup = 6C27B57C161B9158002D1EF9 /* Products */;
			projectDirPath = "";
			projectRoot = "";
			targets = (
				6C27B57A161B9158002D1EF9 /* ERAppKit */,
				6C27B5B0161B93EE002D1EF9 /* ERAppKitDemo */,
			);
		};
/* End PBXProject section */

/* Begin PBXResourcesBuildPhase section */
		6C27B579161B9158002D1EF9 /* Resources */ = {
			isa = PBXResourcesBuildPhase;
			buildActionMask = 2147483647;
			files = (
				6C27B589161B9158002D1EF9 /* InfoPlist.strings in Resources */,
				6C27B5D8161B9CD4002D1EF9 /* doxyfile in Resources */,
				6CE3FE6B16694194004CE26E /* LICENSE in Resources */,
				6CE3FE6C16694194004CE26E /* LICENSE.LESSER in Resources */,
			);
			runOnlyForDeploymentPostprocessing = 0;
		};
		6C27B5AF161B93EE002D1EF9 /* Resources */ = {
			isa = PBXResourcesBuildPhase;
			buildActionMask = 2147483647;
			files = (
				6C27B5B9161B93EE002D1EF9 /* InfoPlist.strings in Resources */,
				6C27B5BF161B93EE002D1EF9 /* Credits.rtf in Resources */,
				6C27B5C5161B93EE002D1EF9 /* MainMenu.xib in Resources */,
				6C57F824165ACA2F004D37C8 /* tool-arrow.png in Resources */,
				6C57F825165ACA2F004D37C8 /* tool-bezier.png in Resources */,
				6C57F826165ACA2F004D37C8 /* tool-line.png in Resources */,
				6C57F827165ACA2F004D37C8 /* tool-oval.png in Resources */,
				6C57F828165ACA2F004D37C8 /* tool-polyline.png in Resources */,
				6C57F829165ACA2F004D37C8 /* tool-rectangle.png in Resources */,
				6C57F82A165ACA2F004D37C8 /* tool-text.png in Resources */,
				6C57F82B165ACA2F004D37C8 /* tool-zoom.png in Resources */,
			);
			runOnlyForDeploymentPostprocessing = 0;
		};
/* End PBXResourcesBuildPhase section */

/* Begin PBXSourcesBuildPhase section */
		6C27B576161B9158002D1EF9 /* Sources */ = {
			isa = PBXSourcesBuildPhase;
			buildActionMask = 2147483647;
			files = (
				6C27B5A4161B91CD002D1EF9 /* ERFadingAnimation.m in Sources */,
				6C27B5A6161B91CD002D1EF9 /* ERMenu.m in Sources */,
				6C27B5A8161B91CD002D1EF9 /* ERRadialMenuItem.m in Sources */,
				6C27B5AA161B91CD002D1EF9 /* ERRadialMenuView.m in Sources */,
				6C27B5AC161B91CD002D1EF9 /* ERRadialMenuWindow.m in Sources */,
				6C27B5E7161E1224002D1EF9 /* ERGeometry.m in Sources */,
				6CC94BA1162092A900FB1CD0 /* ERTimer.m in Sources */,
				6C722C5A164AF0C30011BA2F /* ERPalettePanel.m in Sources */,
				6C722C5E164AF1870011BA2F /* ERPaletteContentView.m in Sources */,
				6C722C62164B0FE50011BA2F /* ERPaletteHolderView.m in Sources */,
				6CE4813C164C48C6001001C8 /* ERPaletteTabView.m in Sources */,
				6CBD5C5B1650BA750035C6F7 /* ERPaletteTitleView.m in Sources */,
				6CBD5C601650CE3F0035C6F7 /* ERPaletteTab.m in Sources */,
				6C96860816558369005168C4 /* ERPaletteButton.m in Sources */,
				6C57F81916585142004D37C8 /* NSBezierPath+ERAppKit.m in Sources */,
				6C8C750D166095190088C47F /* ERPaletteOpenButton.m in Sources */,
				6C8C75111660957B0088C47F /* ERPaletteOpenPopupContentView.m in Sources */,
				6C8C7515166095D40088C47F /* ERPaletteOpenPopup.m in Sources */,
			);
			runOnlyForDeploymentPostprocessing = 0;
		};
		6C27B5AD161B93EE002D1EF9 /* Sources */ = {
			isa = PBXSourcesBuildPhase;
			buildActionMask = 2147483647;
			files = (
				6C27B5BB161B93EE002D1EF9 /* main.m in Sources */,
				6C27B5C2161B93EE002D1EF9 /* AppDelegate.m in Sources */,
				6C27B5CB161B9480002D1EF9 /* ERDummyView.m in Sources */,
			);
			runOnlyForDeploymentPostprocessing = 0;
		};
/* End PBXSourcesBuildPhase section */

/* Begin PBXTargetDependency section */
		6C27B5D1161B9829002D1EF9 /* PBXTargetDependency */ = {
			isa = PBXTargetDependency;
			target = 6C27B57A161B9158002D1EF9 /* ERAppKit */;
			targetProxy = 6C27B5D0161B9829002D1EF9 /* PBXContainerItemProxy */;
		};
/* End PBXTargetDependency section */

/* Begin PBXVariantGroup section */
		6C27B587161B9158002D1EF9 /* InfoPlist.strings */ = {
			isa = PBXVariantGroup;
			children = (
				6C27B588161B9158002D1EF9 /* en */,
			);
			name = InfoPlist.strings;
			sourceTree = "<group>";
		};
		6C27B5B7161B93EE002D1EF9 /* InfoPlist.strings */ = {
			isa = PBXVariantGroup;
			children = (
				6C27B5B8161B93EE002D1EF9 /* en */,
			);
			name = InfoPlist.strings;
			sourceTree = "<group>";
		};
		6C27B5BD161B93EE002D1EF9 /* Credits.rtf */ = {
			isa = PBXVariantGroup;
			children = (
				6C27B5BE161B93EE002D1EF9 /* en */,
			);
			name = Credits.rtf;
			sourceTree = "<group>";
		};
		6C27B5C3161B93EE002D1EF9 /* MainMenu.xib */ = {
			isa = PBXVariantGroup;
			children = (
				6C27B5C4161B93EE002D1EF9 /* en */,
			);
			name = MainMenu.xib;
			sourceTree = "<group>";
		};
/* End PBXVariantGroup section */

/* Begin XCBuildConfiguration section */
		6C27B58E161B9158002D1EF9 /* Debug */ = {
			isa = XCBuildConfiguration;
			buildSettings = {
				ALWAYS_SEARCH_USER_PATHS = NO;
				ARCHS = "$(ARCHS_STANDARD_64_BIT)";
				CLANG_CXX_LANGUAGE_STANDARD = "gnu++0x";
				CLANG_CXX_LIBRARY = "libc++";
				CLANG_WARN_EMPTY_BODY = YES;
				CLANG_WARN__DUPLICATE_METHOD_MATCH = YES;
				COPY_PHASE_STRIP = NO;
				GCC_C_LANGUAGE_STANDARD = gnu99;
				GCC_DYNAMIC_NO_PIC = NO;
				GCC_ENABLE_OBJC_EXCEPTIONS = YES;
				GCC_OPTIMIZATION_LEVEL = 0;
				GCC_PREPROCESSOR_DEFINITIONS = (
					"DEBUG=1",
					"$(inherited)",
				);
				GCC_SYMBOLS_PRIVATE_EXTERN = NO;
				GCC_WARN_64_TO_32_BIT_CONVERSION = YES;
				GCC_WARN_ABOUT_RETURN_TYPE = YES;
				GCC_WARN_UNINITIALIZED_AUTOS = YES;
				GCC_WARN_UNUSED_VARIABLE = YES;
				MACOSX_DEPLOYMENT_TARGET = 10.7;
				ONLY_ACTIVE_ARCH = YES;
				SDKROOT = macosx10.7;
			};
			name = Debug;
		};
		6C27B58F161B9158002D1EF9 /* Release */ = {
			isa = XCBuildConfiguration;
			buildSettings = {
				ALWAYS_SEARCH_USER_PATHS = NO;
				ARCHS = "$(ARCHS_STANDARD_64_BIT)";
				CLANG_CXX_LANGUAGE_STANDARD = "gnu++0x";
				CLANG_CXX_LIBRARY = "libc++";
				CLANG_WARN_EMPTY_BODY = YES;
				CLANG_WARN__DUPLICATE_METHOD_MATCH = YES;
				COPY_PHASE_STRIP = YES;
				DEBUG_INFORMATION_FORMAT = "dwarf-with-dsym";
				GCC_C_LANGUAGE_STANDARD = gnu99;
				GCC_ENABLE_OBJC_EXCEPTIONS = YES;
				GCC_WARN_64_TO_32_BIT_CONVERSION = YES;
				GCC_WARN_ABOUT_RETURN_TYPE = YES;
				GCC_WARN_UNINITIALIZED_AUTOS = YES;
				GCC_WARN_UNUSED_VARIABLE = YES;
				MACOSX_DEPLOYMENT_TARGET = 10.7;
				SDKROOT = macosx10.7;
			};
			name = Release;
		};
		6C27B591161B9158002D1EF9 /* Debug */ = {
			isa = XCBuildConfiguration;
			buildSettings = {
				CLANG_WARN_DEPRECATED_OBJC_IMPLEMENTATIONS = YES;
				CLANG_WARN_OBJC_MISSING_PROPERTY_SYNTHESIS = YES;
				COMBINE_HIDPI_IMAGES = YES;
				DYLIB_COMPATIBILITY_VERSION = 1;
				DYLIB_CURRENT_VERSION = 1;
				FRAMEWORK_VERSION = A;
				GCC_PRECOMPILE_PREFIX_HEADER = YES;
				GCC_PREFIX_HEADER = "ERAppKit/ERAppKit-Prefix.pch";
				INFOPLIST_FILE = "ERAppKit/ERAppKit-Info.plist";
				INSTALL_PATH = "@executable_path/../Frameworks";
				PRODUCT_NAME = "$(TARGET_NAME)";
				WRAPPER_EXTENSION = framework;
			};
			name = Debug;
		};
		6C27B592161B9158002D1EF9 /* Release */ = {
			isa = XCBuildConfiguration;
			buildSettings = {
				CLANG_WARN_DEPRECATED_OBJC_IMPLEMENTATIONS = YES;
				CLANG_WARN_OBJC_MISSING_PROPERTY_SYNTHESIS = YES;
				COMBINE_HIDPI_IMAGES = YES;
				DYLIB_COMPATIBILITY_VERSION = 1;
				DYLIB_CURRENT_VERSION = 1;
				FRAMEWORK_VERSION = A;
				GCC_PRECOMPILE_PREFIX_HEADER = YES;
				GCC_PREFIX_HEADER = "ERAppKit/ERAppKit-Prefix.pch";
				INFOPLIST_FILE = "ERAppKit/ERAppKit-Info.plist";
				INSTALL_PATH = "@executable_path/../Frameworks";
				PRODUCT_NAME = "$(TARGET_NAME)";
				WRAPPER_EXTENSION = framework;
			};
			name = Release;
		};
		6C27B5C7161B93EE002D1EF9 /* Debug */ = {
			isa = XCBuildConfiguration;
			buildSettings = {
				COMBINE_HIDPI_IMAGES = YES;
				GCC_PRECOMPILE_PREFIX_HEADER = YES;
				GCC_PREFIX_HEADER = "ERAppKitDemo/ERAppKitDemo-Prefix.pch";
				INFOPLIST_FILE = "ERAppKitDemo/ERAppKitDemo-Info.plist";
				PRODUCT_NAME = "$(TARGET_NAME)";
				WRAPPER_EXTENSION = app;
			};
			name = Debug;
		};
		6C27B5C8161B93EE002D1EF9 /* Release */ = {
			isa = XCBuildConfiguration;
			buildSettings = {
				COMBINE_HIDPI_IMAGES = YES;
				GCC_PRECOMPILE_PREFIX_HEADER = YES;
				GCC_PREFIX_HEADER = "ERAppKitDemo/ERAppKitDemo-Prefix.pch";
				INFOPLIST_FILE = "ERAppKitDemo/ERAppKitDemo-Info.plist";
				PRODUCT_NAME = "$(TARGET_NAME)";
				WRAPPER_EXTENSION = app;
			};
			name = Release;
		};
/* End XCBuildConfiguration section */

/* Begin XCConfigurationList section */
		6C27B574161B9157002D1EF9 /* Build configuration list for PBXProject "ERAppKit" */ = {
			isa = XCConfigurationList;
			buildConfigurations = (
				6C27B58E161B9158002D1EF9 /* Debug */,
				6C27B58F161B9158002D1EF9 /* Release */,
			);
			defaultConfigurationIsVisible = 0;
			defaultConfigurationName = Release;
		};
		6C27B590161B9158002D1EF9 /* Build configuration list for PBXNativeTarget "ERAppKit" */ = {
			isa = XCConfigurationList;
			buildConfigurations = (
				6C27B591161B9158002D1EF9 /* Debug */,
				6C27B592161B9158002D1EF9 /* Release */,
			);
			defaultConfigurationIsVisible = 0;
			defaultConfigurationName = Release;
		};
		6C27B5C6161B93EE002D1EF9 /* Build configuration list for PBXNativeTarget "ERAppKitDemo" */ = {
			isa = XCConfigurationList;
			buildConfigurations = (
				6C27B5C7161B93EE002D1EF9 /* Debug */,
				6C27B5C8161B93EE002D1EF9 /* Release */,
			);
			defaultConfigurationIsVisible = 0;
			defaultConfigurationName = Release;
		};
/* End XCConfigurationList section */
	};
	rootObject = 6C27B571161B9157002D1EF9 /* Project object */;
}
